
Microsoft Visual Studio Solution File, Format Version 12.00
# Visual Studio Version 17
VisualStudioVersion = 17.1.32210.238
MinimumVisualStudioVersion = 10.0.40219.1
Project("{FAE04EC0-301F-11D3-BF4B-00C04F79EFBC}") = "FBTarjeta", "FBTarjeta\FBTarjeta.csproj", "{45F36A77-5A50-4030-A17E-4EE5ADCDC626}"
EndProject
Global
	GlobalSection(SolutionConfigurationPlatforms) = preSolution
		Debug|Any CPU = Debug|Any CPU
		Release|Any CPU = Release|Any CPU
	EndGlobalSection
	GlobalSection(ProjectConfigurationPlatforms) = postSolution
		{45F36A77-5A50-4030-A17E-4EE5ADCDC626}.Debug|Any CPU.ActiveCfg = Debug|Any CPU
		{45F36A77-5A50-4030-A17E-4EE5ADCDC626}.Debug|Any CPU.Build.0 = Debug|Any CPU
		{45F36A77-5A50-4030-A17E-4EE5ADCDC626}.Release|Any CPU.ActiveCfg = Release|Any CPU
		{45F36A77-5A50-4030-A17E-4EE5ADCDC626}.Release|Any CPU.Build.0 = Release|Any CPU
	EndGlobalSection
	GlobalSection(SolutionProperties) = preSolution
		HideSolutionNode = FALSE
	EndGlobalSection
	GlobalSection(ExtensibilityGlobals) = postSolution
		SolutionGuid = {946CC62C-AA1E-4BED-8869-4C78A2E3EB6C}
	EndGlobalSection
EndGlobal
